
Microsoft Visual Studio Solution File, Format Version 12.00
# Visual Studio Version 17
VisualStudioVersion = 17.13.35828.75 d17.13
MinimumVisualStudioVersion = 10.0.40219.1
Project("{FAE04EC0-301F-11D3-BF4B-00C04F79EFBC}") = "RealEstateHubAPI", "RealEstateHubAPI.csproj", "{E638F1D0-AC67-4789-BED0-2205B40F3FB7}"
EndProject
Global
	GlobalSection(SolutionConfigurationPlatforms) = preSolution
		Debug|Any CPU = Debug|Any CPU
		Release|Any CPU = Release|Any CPU
	EndGlobalSection
	GlobalSection(ProjectConfigurationPlatforms) = postSolution
		{E638F1D0-AC67-4789-BED0-2205B40F3FB7}.Debug|Any CPU.ActiveCfg = Debug|Any CPU
		{E638F1D0-AC67-4789-BED0-2205B40F3FB7}.Debug|Any CPU.Build.0 = Debug|Any CPU
		{E638F1D0-AC67-4789-BED0-2205B40F3FB7}.Release|Any CPU.ActiveCfg = Release|Any CPU
		{E638F1D0-AC67-4789-BED0-2205B40F3FB7}.Release|Any CPU.Build.0 = Release|Any CPU
	EndGlobalSection
	GlobalSection(SolutionProperties) = preSolution
		HideSolutionNode = FALSE
	EndGlobalSection
	GlobalSection(ExtensibilityGlobals) = postSolution
		SolutionGuid = {FD5DEEFD-4143-453A-B972-91B8E9D7C19F}
	EndGlobalSection
EndGlobal
